
Microsoft Visual Studio Solution File, Format Version 12.00
# Visual Studio Version 17
VisualStudioVersion = 17.0.32112.339
MinimumVisualStudioVersion = 10.0.40219.1
Project("{FAE04EC0-301F-11D3-BF4B-00C04F79EFBC}") = "Identity Server", "Identity Server\Identity Server.csproj", "{A9DD4D6F-F917-40EB-8634-40821BCC8C37}"
EndProject
Global
	GlobalSection(SolutionConfigurationPlatforms) = preSolution
		Debug|Any CPU = Debug|Any CPU
		Release|Any CPU = Release|Any CPU
	EndGlobalSection
	GlobalSection(ProjectConfigurationPlatforms) = postSolution
		{A9DD4D6F-F917-40EB-8634-40821BCC8C37}.Debug|Any CPU.ActiveCfg = Debug|Any CPU
		{A9DD4D6F-F917-40EB-8634-40821BCC8C37}.Debug|Any CPU.Build.0 = Debug|Any CPU
		{A9DD4D6F-F917-40EB-8634-40821BCC8C37}.Release|Any CPU.ActiveCfg = Release|Any CPU
		{A9DD4D6F-F917-40EB-8634-40821BCC8C37}.Release|Any CPU.Build.0 = Release|Any CPU
	EndGlobalSection
	GlobalSection(SolutionProperties) = preSolution
		HideSolutionNode = FALSE
	EndGlobalSection
	GlobalSection(ExtensibilityGlobals) = postSolution
		SolutionGuid = {805D38ED-FFE2-45D0-9FA4-1437C2400A04}
	EndGlobalSection
EndGlobal
